# This file was autogenerated by Stack.
# You should not edit this file by hand.
# For more information, please see the documentation at:
#   https://docs.haskellstack.org/en/stable/lock_files

packages:
- completed:
    hackage: picosat-0.1.6@sha256:7d3130af636c6c8a0b373446a090daa15511d6cb0b264f4b921fa5d4a81b59a3,2138
    pantry-tree:
      size: 541
      sha256: 4cb3a66ee7b3ca57b680ebe41815a5965b0860d191cdf08787bb78d0e2fb650b
  original:
    hackage: picosat-0.1.6@sha256:7d3130af636c6c8a0b373446a090daa15511d6cb0b264f4b921fa5d4a81b59a3,2138
- completed:
    hackage: timeit-2.0@sha256:0757796734c8bcc8cad97bac90d6db60e40f148b5d62699baf12fb8ec8939b34,1197
    pantry-tree:
      size: 259
      sha256: 048f9c6dd792ea20dc178f67581bdba042d689e5dda3129614937c9f3c971a85
  original:
    hackage: timeit-2.0
- completed:
    hackage: optparse-applicative-0.16.1.0@sha256:d410cc76e288b93d4ee7e06addc0381a7eaea43bcee0c3ced03f05cadec2f2fc,4836
    pantry-tree:
      size: 2979
      sha256: bfff15197c553035578163cd3da352bcddcf0f11f57ae40ead22ef6dd120c40c
  original:
    hackage: optparse-applicative-0.16.1.0
snapshots:
- completed:
    size: 532380
    url: https://raw.githubusercontent.com/commercialhaskell/stackage-snapshots/master/lts/16/15.yaml
    sha256: 3b5f2a699aa5ed3abbc30410062bf743926f0868ce3eeb5655370c6c6cc1a9f4
  original: lts-16.15
